
Microsoft Visual Studio Solution File, Format Version 12.00
# Visual Studio Version 17
VisualStudioVersion = 17.1.32210.238
MinimumVisualStudioVersion = 10.0.40219.1
Project("{9A19103F-16F7-4668-BE54-9A1E7A4F7556}") = "Prateleira.API", "Prateleira.API\Prateleira.API.csproj", "{1FABEA87-C8B7-4ABC-8C24-33B9230776AE}"
EndProject
Project("{9A19103F-16F7-4668-BE54-9A1E7A4F7556}") = "Prateleira.Domain", "Prateleira.Domain\Prateleira.Domain.csproj", "{CE61F337-8AAC-4F7A-9241-748FCF7F4BEC}"
EndProject
Project("{9A19103F-16F7-4668-BE54-9A1E7A4F7556}") = "Prateleira.Infrastucture.Data", "Prateleira.Infrastucture.Data\Prateleira.Infrastucture.Data.csproj", "{2EEDF484-7AE5-4FA8-AFA0-B37474426429}"
EndProject
Global
	GlobalSection(SolutionConfigurationPlatforms) = preSolution
		Debug|Any CPU = Debug|Any CPU
		Release|Any CPU = Release|Any CPU
	EndGlobalSection
	GlobalSection(ProjectConfigurationPlatforms) = postSolution
		{1FABEA87-C8B7-4ABC-8C24-33B9230776AE}.Debug|Any CPU.ActiveCfg = Debug|Any CPU
		{1FABEA87-C8B7-4ABC-8C24-33B9230776AE}.Debug|Any CPU.Build.0 = Debug|Any CPU
		{1FABEA87-C8B7-4ABC-8C24-33B9230776AE}.Release|Any CPU.ActiveCfg = Release|Any CPU
		{1FABEA87-C8B7-4ABC-8C24-33B9230776AE}.Release|Any CPU.Build.0 = Release|Any CPU
		{CE61F337-8AAC-4F7A-9241-748FCF7F4BEC}.Debug|Any CPU.ActiveCfg = Debug|Any CPU
		{CE61F337-8AAC-4F7A-9241-748FCF7F4BEC}.Debug|Any CPU.Build.0 = Debug|Any CPU
		{CE61F337-8AAC-4F7A-9241-748FCF7F4BEC}.Release|Any CPU.ActiveCfg = Release|Any CPU
		{CE61F337-8AAC-4F7A-9241-748FCF7F4BEC}.Release|Any CPU.Build.0 = Release|Any CPU
		{2EEDF484-7AE5-4FA8-AFA0-B37474426429}.Debug|Any CPU.ActiveCfg = Debug|Any CPU
		{2EEDF484-7AE5-4FA8-AFA0-B37474426429}.Debug|Any CPU.Build.0 = Debug|Any CPU
		{2EEDF484-7AE5-4FA8-AFA0-B37474426429}.Release|Any CPU.ActiveCfg = Release|Any CPU
		{2EEDF484-7AE5-4FA8-AFA0-B37474426429}.Release|Any CPU.Build.0 = Release|Any CPU
	EndGlobalSection
	GlobalSection(SolutionProperties) = preSolution
		HideSolutionNode = FALSE
	EndGlobalSection
	GlobalSection(ExtensibilityGlobals) = postSolution
		SolutionGuid = {AB1CE230-ED7D-406E-8078-AE03E39C1685}
	EndGlobalSection
EndGlobal
